
Microsoft Visual Studio Solution File, Format Version 12.00
# Visual Studio Version 17
VisualStudioVersion = 17.8.34601.278
MinimumVisualStudioVersion = 10.0.40219.1
Project("{FAE04EC0-301F-11D3-BF4B-00C04F79EFBC}") = "EventHandler", "EventHandler\EventHandler.csproj", "{AC2A29D6-8404-42B6-BD8F-38F665D36522}"
EndProject
Global
	GlobalSection(SolutionConfigurationPlatforms) = preSolution
		Debug|Any CPU = Debug|Any CPU
		Release|Any CPU = Release|Any CPU
	EndGlobalSection
	GlobalSection(ProjectConfigurationPlatforms) = postSolution
		{AC2A29D6-8404-42B6-BD8F-38F665D36522}.Debug|Any CPU.ActiveCfg = Debug|Any CPU
		{AC2A29D6-8404-42B6-BD8F-38F665D36522}.Debug|Any CPU.Build.0 = Debug|Any CPU
		{AC2A29D6-8404-42B6-BD8F-38F665D36522}.Release|Any CPU.ActiveCfg = Release|Any CPU
		{AC2A29D6-8404-42B6-BD8F-38F665D36522}.Release|Any CPU.Build.0 = Release|Any CPU
	EndGlobalSection
	GlobalSection(SolutionProperties) = preSolution
		HideSolutionNode = FALSE
	EndGlobalSection
	GlobalSection(ExtensibilityGlobals) = postSolution
		SolutionGuid = {FF6DA79A-6EBF-423A-94E9-4CF69C12F47B}
	EndGlobalSection
EndGlobal
